
Microsoft Visual Studio Solution File, Format Version 12.00
# Visual Studio Version 17
VisualStudioVersion = 17.5.33414.496
MinimumVisualStudioVersion = 10.0.40219.1
Project("{FAE04EC0-301F-11D3-BF4B-00C04F79EFBC}") = "FileHW", "FileHW\FileHW.csproj", "{992DCC29-96D3-42FF-B925-C02831AEB849}"
EndProject
Global
	GlobalSection(SolutionConfigurationPlatforms) = preSolution
		Debug|Any CPU = Debug|Any CPU
		Release|Any CPU = Release|Any CPU
	EndGlobalSection
	GlobalSection(ProjectConfigurationPlatforms) = postSolution
		{992DCC29-96D3-42FF-B925-C02831AEB849}.Debug|Any CPU.ActiveCfg = Debug|Any CPU
		{992DCC29-96D3-42FF-B925-C02831AEB849}.Debug|Any CPU.Build.0 = Debug|Any CPU
		{992DCC29-96D3-42FF-B925-C02831AEB849}.Release|Any CPU.ActiveCfg = Release|Any CPU
		{992DCC29-96D3-42FF-B925-C02831AEB849}.Release|Any CPU.Build.0 = Release|Any CPU
	EndGlobalSection
	GlobalSection(SolutionProperties) = preSolution
		HideSolutionNode = FALSE
	EndGlobalSection
	GlobalSection(ExtensibilityGlobals) = postSolution
		SolutionGuid = {0AA3EB13-A4C0-418B-83BD-5353FFABD072}
	EndGlobalSection
EndGlobal
